
Microsoft Visual Studio Solution File, Format Version 11.00
# Visual Studio 2010
Project("{FAE04EC0-301F-11D3-BF4B-00C04F79EFBC}") = "ProjectCrowd", "ProjectCrowd.csproj", "{173BD8B4-C3F2-4892-BA85-929CB38A9335}"
EndProject
Global
	GlobalSection(SolutionConfigurationPlatforms) = preSolution
		Debug|Any CPU = Debug|Any CPU
		Release|Any CPU = Release|Any CPU
	EndGlobalSection
	GlobalSection(ProjectConfigurationPlatforms) = postSolution
		{173BD8B4-C3F2-4892-BA85-929CB38A9335}.Debug|Any CPU.ActiveCfg = Debug|Any CPU
		{173BD8B4-C3F2-4892-BA85-929CB38A9335}.Debug|Any CPU.Build.0 = Debug|Any CPU
		{173BD8B4-C3F2-4892-BA85-929CB38A9335}.Release|Any CPU.ActiveCfg = Release|Any CPU
		{173BD8B4-C3F2-4892-BA85-929CB38A9335}.Release|Any CPU.Build.0 = Release|Any CPU
	EndGlobalSection
	GlobalSection(SolutionProperties) = preSolution
		HideSolutionNode = FALSE
	EndGlobalSection
EndGlobal
